// !$*UTF8*$!
{
	archiveVersion = 1;
	classes = {
	};
	objectVersion = 46;
	objects = {

/* Begin PBXBuildFile section */
		388880F219844B1100FABCBF /* AppDelegate.swift in Sources */ = {isa = PBXBuildFile; fileRef = 388880F119844B1100FABCBF /* AppDelegate.swift */; };
		388880F519844B1100FABCBF /* iOSTwitterSwift.xcdatamodeld in Sources */ = {isa = PBXBuildFile; fileRef = 388880F319844B1100FABCBF /* iOSTwitterSwift.xcdatamodeld */; };
		388880FC19844B1100FABCBF /* Images.xcassets in Resources */ = {isa = PBXBuildFile; fileRef = 388880FB19844B1100FABCBF /* Images.xcassets */; };
		3888810819844B1100FABCBF /* iOSTwitterSwiftTests.swift in Sources */ = {isa = PBXBuildFile; fileRef = 3888810719844B1100FABCBF /* iOSTwitterSwiftTests.swift */; };
		3888811519844C4A00FABCBF /* TweetListViewController.swift in Sources */ = {isa = PBXBuildFile; fileRef = 3888811319844C4A00FABCBF /* TweetListViewController.swift */; };
		3888811619844C4A00FABCBF /* TweetListViewController.xib in Resources */ = {isa = PBXBuildFile; fileRef = 3888811419844C4A00FABCBF /* TweetListViewController.xib */; };
/* End PBXBuildFile section */

/* Begin PBXContainerItemProxy section */
		3888810219844B1100FABCBF /* PBXContainerItemProxy */ = {
			isa = PBXContainerItemProxy;
			containerPortal = 388880E419844B1100FABCBF /* Project object */;
			proxyType = 1;
			remoteGlobalIDString = 388880EB19844B1100FABCBF;
			remoteInfo = iOSTwitterSwift;
		};
/* End PBXContainerItemProxy section */

/* Begin PBXFileReference section */
		388880EC19844B1100FABCBF /* iOSTwitterSwift.app */ = {isa = PBXFileReference; explicitFileType = wrapper.application; includeInIndex = 0; path = iOSTwitterSwift.app; sourceTree = BUILT_PRODUCTS_DIR; };
		388880F019844B1100FABCBF /* Info.plist */ = {isa = PBXFileReference; lastKnownFileType = text.plist.xml; path = Info.plist; sourceTree = "<group>"; };
		388880F119844B1100FABCBF /* AppDelegate.swift */ = {isa = PBXFileReference; lastKnownFileType = sourcecode.swift; path = AppDelegate.swift; sourceTree = "<group>"; };
		388880F419844B1100FABCBF /* iOSTwitterSwift.xcdatamodel */ = {isa = PBXFileReference; lastKnownFileType = wrapper.xcdatamodel; path = iOSTwitterSwift.xcdatamodel; sourceTree = "<group>"; };
		388880FB19844B1100FABCBF /* Images.xcassets */ = {isa = PBXFileReference; lastKnownFileType = folder.assetcatalog; path = Images.xcassets; sourceTree = "<group>"; };
		3888810119844B1100FABCBF /* iOSTwitterSwiftTests.xctest */ = {isa = PBXFileReference; explicitFileType = wrapper.cfbundle; includeInIndex = 0; path = iOSTwitterSwiftTests.xctest; sourceTree = BUILT_PRODUCTS_DIR; };
		3888810619844B1100FABCBF /* Info.plist */ = {isa = PBXFileReference; lastKnownFileType = text.plist.xml; path = Info.plist; sourceTree = "<group>"; };
		3888810719844B1100FABCBF /* iOSTwitterSwiftTests.swift */ = {isa = PBXFileReference; lastKnownFileType = sourcecode.swift; path = iOSTwitterSwiftTests.swift; sourceTree = "<group>"; };
		3888811319844C4A00FABCBF /* TweetListViewController.swift */ = {isa = PBXFileReference; fileEncoding = 4; lastKnownFileType = sourcecode.swift; path = TweetListViewController.swift; sourceTree = "<group>"; };
		3888811419844C4A00FABCBF /* TweetListViewController.xib */ = {isa = PBXFileReference; fileEncoding = 4; lastKnownFileType = file.xib; path = TweetListViewController.xib; sourceTree = "<group>"; };
/* End PBXFileReference section */

/* Begin PBXFrameworksBuildPhase section */
		388880E919844B1100FABCBF /* Frameworks */ = {
			isa = PBXFrameworksBuildPhase;
			buildActionMask = 2147483647;
			files = (
			);
			runOnlyForDeploymentPostprocessing = 0;
		};
		388880FE19844B1100FABCBF /* Frameworks */ = {
			isa = PBXFrameworksBuildPhase;
			buildActionMask = 2147483647;
			files = (
			);
			runOnlyForDeploymentPostprocessing = 0;
		};
/* End PBXFrameworksBuildPhase section */

/* Begin PBXGroup section */
		388880E319844B1100FABCBF = {
			isa = PBXGroup;
			children = (
				388880EE19844B1100FABCBF /* iOSTwitterSwift */,
				3888810419844B1100FABCBF /* iOSTwitterSwiftTests */,
				388880ED19844B1100FABCBF /* Products */,
			);
			sourceTree = "<group>";
		};
		388880ED19844B1100FABCBF /* Products */ = {
			isa = PBXGroup;
			children = (
				388880EC19844B1100FABCBF /* iOSTwitterSwift.app */,
				3888810119844B1100FABCBF /* iOSTwitterSwiftTests.xctest */,
			);
			name = Products;
			sourceTree = "<group>";
		};
		388880EE19844B1100FABCBF /* iOSTwitterSwift */ = {
			isa = PBXGroup;
			children = (
				3888811719844C5000FABCBF /* View-Controllers */,
				388880F119844B1100FABCBF /* AppDelegate.swift */,
				388880FB19844B1100FABCBF /* Images.xcassets */,
				388880F319844B1100FABCBF /* iOSTwitterSwift.xcdatamodeld */,
				388880EF19844B1100FABCBF /* Supporting Files */,
			);
			path = iOSTwitterSwift;
			sourceTree = "<group>";
		};
		388880EF19844B1100FABCBF /* Supporting Files */ = {
			isa = PBXGroup;
			children = (
				388880F019844B1100FABCBF /* Info.plist */,
			);
			name = "Supporting Files";
			sourceTree = "<group>";
		};
		3888810419844B1100FABCBF /* iOSTwitterSwiftTests */ = {
			isa = PBXGroup;
			children = (
				3888810719844B1100FABCBF /* iOSTwitterSwiftTests.swift */,
				3888810519844B1100FABCBF /* Supporting Files */,
			);
			path = iOSTwitterSwiftTests;
			sourceTree = "<group>";
		};
		3888810519844B1100FABCBF /* Supporting Files */ = {
			isa = PBXGroup;
			children = (
				3888810619844B1100FABCBF /* Info.plist */,
			);
			name = "Supporting Files";
			sourceTree = "<group>";
		};
		3888811719844C5000FABCBF /* View-Controllers */ = {
			isa = PBXGroup;
			children = (
				3888811319844C4A00FABCBF /* TweetListViewController.swift */,
				3888811419844C4A00FABCBF /* TweetListViewController.xib */,
			);
			name = "View-Controllers";
			sourceTree = "<group>";
		};
/* End PBXGroup section */

/* Begin PBXNativeTarget section */
		388880EB19844B1100FABCBF /* iOSTwitterSwift */ = {
			isa = PBXNativeTarget;
			buildConfigurationList = 3888810B19844B1100FABCBF /* Build configuration list for PBXNativeTarget "iOSTwitterSwift" */;
			buildPhases = (
				388880E819844B1100FABCBF /* Sources */,
				388880E919844B1100FABCBF /* Frameworks */,
				388880EA19844B1100FABCBF /* Resources */,
			);
			buildRules = (
			);
			dependencies = (
			);
			name = iOSTwitterSwift;
			productName = iOSTwitterSwift;
			productReference = 388880EC19844B1100FABCBF /* iOSTwitterSwift.app */;
			productType = "com.apple.product-type.application";
		};
		3888810019844B1100FABCBF /* iOSTwitterSwiftTests */ = {
			isa = PBXNativeTarget;
			buildConfigurationList = 3888810E19844B1100FABCBF /* Build configuration list for PBXNativeTarget "iOSTwitterSwiftTests" */;
			buildPhases = (
				388880FD19844B1100FABCBF /* Sources */,
				388880FE19844B1100FABCBF /* Frameworks */,
				388880FF19844B1100FABCBF /* Resources */,
			);
			buildRules = (
			);
			dependencies = (
				3888810319844B1100FABCBF /* PBXTargetDependency */,
			);
			name = iOSTwitterSwiftTests;
			productName = iOSTwitterSwiftTests;
			productReference = 3888810119844B1100FABCBF /* iOSTwitterSwiftTests.xctest */;
			productType = "com.apple.product-type.bundle.unit-test";
		};
/* End PBXNativeTarget section */

/* Begin PBXProject section */
		388880E419844B1100FABCBF /* Project object */ = {
			isa = PBXProject;
			attributes = {
				LastUpgradeCheck = 0600;
				ORGANIZATIONNAME = alexnj;
				TargetAttributes = {
					388880EB19844B1100FABCBF = {
						CreatedOnToolsVersion = 6.0;
					};
					3888810019844B1100FABCBF = {
						CreatedOnToolsVersion = 6.0;
						TestTargetID = 388880EB19844B1100FABCBF;
					};
				};
			};
			buildConfigurationList = 388880E719844B1100FABCBF /* Build configuration list for PBXProject "iOSTwitterSwift" */;
			compatibilityVersion = "Xcode 3.2";
			developmentRegion = English;
			hasScannedForEncodings = 0;
			knownRegions = (
				en,
				Base,
			);
			mainGroup = 388880E319844B1100FABCBF;
			productRefGroup = 388880ED19844B1100FABCBF /* Products */;
			projectDirPath = "";
			projectRoot = "";
			targets = (
				388880EB19844B1100FABCBF /* iOSTwitterSwift */,
				3888810019844B1100FABCBF /* iOSTwitterSwiftTests */,
			);
		};
/* End PBXProject section */

/* Begin PBXResourcesBuildPhase section */
		388880EA19844B1100FABCBF /* Resources */ = {
			isa = PBXResourcesBuildPhase;
			buildActionMask = 2147483647;
			files = (
				388880FC19844B1100FABCBF /* Images.xcassets in Resources */,
				3888811619844C4A00FABCBF /* TweetListViewController.xib in Resources */,
			);
			runOnlyForDeploymentPostprocessing = 0;
		};
		388880FF19844B1100FABCBF /* Resources */ = {
			isa = PBXResourcesBuildPhase;
			buildActionMask = 2147483647;
			files = (
			);
			runOnlyForDeploymentPostprocessing = 0;
		};
/* End PBXResourcesBuildPhase section */

/* Begin PBXSourcesBuildPhase section */
		388880E819844B1100FABCBF /* Sources */ = {
			isa = PBXSourcesBuildPhase;
			buildActionMask = 2147483647;
			files = (
				3888811519844C4A00FABCBF /* TweetListViewController.swift in Sources */,
				388880F219844B1100FABCBF /* AppDelegate.swift in Sources */,
				388880F519844B1100FABCBF /* iOSTwitterSwift.xcdatamodeld in Sources */,
			);
			runOnlyForDeploymentPostprocessing = 0;
		};
		388880FD19844B1100FABCBF /* Sources */ = {
			isa = PBXSourcesBuildPhase;
			buildActionMask = 2147483647;
			files = (
				3888810819844B1100FABCBF /* iOSTwitterSwiftTests.swift in Sources */,
			);
			runOnlyForDeploymentPostprocessing = 0;
		};
/* End PBXSourcesBuildPhase section */

/* Begin PBXTargetDependency section */
		3888810319844B1100FABCBF /* PBXTargetDependency */ = {
			isa = PBXTargetDependency;
			target = 388880EB19844B1100FABCBF /* iOSTwitterSwift */;
			targetProxy = 3888810219844B1100FABCBF /* PBXContainerItemProxy */;
		};
/* End PBXTargetDependency section */

/* Begin XCBuildConfiguration section */
		3888810919844B1100FABCBF /* Debug */ = {
			isa = XCBuildConfiguration;
			buildSettings = {
				ALWAYS_SEARCH_USER_PATHS = NO;
				CLANG_CXX_LANGUAGE_STANDARD = "gnu++0x";
				CLANG_CXX_LIBRARY = "libc++";
				CLANG_ENABLE_MODULES = YES;
				CLANG_ENABLE_OBJC_ARC = YES;
				CLANG_WARN_BOOL_CONVERSION = YES;
				CLANG_WARN_CONSTANT_CONVERSION = YES;
				CLANG_WARN_DIRECT_OBJC_ISA_USAGE = YES_ERROR;
				CLANG_WARN_EMPTY_BODY = YES;
				CLANG_WARN_ENUM_CONVERSION = YES;
				CLANG_WARN_INT_CONVERSION = YES;
				CLANG_WARN_OBJC_ROOT_CLASS = YES_ERROR;
				CLANG_WARN_UNREACHABLE_CODE = YES;
				CLANG_WARN__DUPLICATE_METHOD_MATCH = YES;
				"CODE_SIGN_IDENTITY[sdk=iphoneos*]" = "iPhone Developer";
				COPY_PHASE_STRIP = NO;
				ENABLE_STRICT_OBJC_MSGSEND = YES;
				GCC_C_LANGUAGE_STANDARD = gnu99;
				GCC_DYNAMIC_NO_PIC = NO;
				GCC_OPTIMIZATION_LEVEL = 0;
				GCC_PREPROCESSOR_DEFINITIONS = (
					"DEBUG=1",
					"$(inherited)",
				);
				GCC_SYMBOLS_PRIVATE_EXTERN = NO;
				GCC_WARN_64_TO_32_BIT_CONVERSION = YES;
				GCC_WARN_ABOUT_RETURN_TYPE = YES_ERROR;
				GCC_WARN_UNDECLARED_SELECTOR = YES;
				GCC_WARN_UNINITIALIZED_AUTOS = YES_AGGRESSIVE;
				GCC_WARN_UNUSED_FUNCTION = YES;
				GCC_WARN_UNUSED_VARIABLE = YES;
				IPHONEOS_DEPLOYMENT_TARGET = 8.0;
				MTL_ENABLE_DEBUG_INFO = YES;
				ONLY_ACTIVE_ARCH = YES;
				SDKROOT = iphoneos;
				SWIFT_OPTIMIZATION_LEVEL = "-Onone";
			};
			name = Debug;
		};
		3888810A19844B1100FABCBF /* Release */ = {
			isa = XCBuildConfiguration;
			buildSettings = {
				ALWAYS_SEARCH_USER_PATHS = NO;
				CLANG_CXX_LANGUAGE_STANDARD = "gnu++0x";
				CLANG_CXX_LIBRARY = "libc++";
				CLANG_ENABLE_MODULES = YES;
				CLANG_ENABLE_OBJC_ARC = YES;
				CLANG_WARN_BOOL_CONVERSION = YES;
				CLANG_WARN_CONSTANT_CONVERSION = YES;
				CLANG_WARN_DIRECT_OBJC_ISA_USAGE = YES_ERROR;
				CLANG_WARN_EMPTY_BODY = YES;
				CLANG_WARN_ENUM_CONVERSION = YES;
				CLANG_WARN_INT_CONVERSION = YES;
				CLANG_WARN_OBJC_ROOT_CLASS = YES_ERROR;
				CLANG_WARN_UNREACHABLE_CODE = YES;
				CLANG_WARN__DUPLICATE_METHOD_MATCH = YES;
				"CODE_SIGN_IDENTITY[sdk=iphoneos*]" = "iPhone Developer";
				COPY_PHASE_STRIP = YES;
				ENABLE_NS_ASSERTIONS = NO;
				ENABLE_STRICT_OBJC_MSGSEND = YES;
				GCC_C_LANGUAGE_STANDARD = gnu99;
				GCC_WARN_64_TO_32_BIT_CONVERSION = YES;
				GCC_WARN_ABOUT_RETURN_TYPE = YES_ERROR;
				GCC_WARN_UNDECLARED_SELECTOR = YES;
				GCC_WARN_UNINITIALIZED_AUTOS = YES_AGGRESSIVE;
				GCC_WARN_UNUSED_FUNCTION = YES;
				GCC_WARN_UNUSED_VARIABLE = YES;
				IPHONEOS_DEPLOYMENT_TARGET = 8.0;
				MTL_ENABLE_DEBUG_INFO = NO;
				SDKROOT = iphoneos;
				VALIDATE_PRODUCT = YES;
			};
			name = Release;
		};
		3888810C19844B1100FABCBF /* Debug */ = {
			isa = XCBuildConfiguration;
			buildSettings = {
				ASSETCATALOG_COMPILER_APPICON_NAME = AppIcon;
				ASSETCATALOG_COMPILER_LAUNCHIMAGE_NAME = LaunchImage;
				INFOPLIST_FILE = iOSTwitterSwift/Info.plist;
				LD_RUNPATH_SEARCH_PATHS = "$(inherited) @executable_path/Frameworks";
				PRODUCT_NAME = "$(TARGET_NAME)";
			};
			name = Debug;
		};
		3888810D19844B1100FABCBF /* Release */ = {
			isa = XCBuildConfiguration;
			buildSettings = {
				ASSETCATALOG_COMPILER_APPICON_NAME = AppIcon;
				ASSETCATALOG_COMPILER_LAUNCHIMAGE_NAME = LaunchImage;
				INFOPLIST_FILE = iOSTwitterSwift/Info.plist;
				LD_RUNPATH_SEARCH_PATHS = "$(inherited) @executable_path/Frameworks";
				PRODUCT_NAME = "$(TARGET_NAME)";
			};
			name = Release;
		};
		3888810F19844B1100FABCBF /* Debug */ = {
			isa = XCBuildConfiguration;
			buildSettings = {
				BUNDLE_LOADER = "$(BUILT_PRODUCTS_DIR)/iOSTwitterSwift.app/iOSTwitterSwift";
				FRAMEWORK_SEARCH_PATHS = (
					"$(SDKROOT)/Developer/Library/Frameworks",
					"$(inherited)",
				);
				GCC_PREPROCESSOR_DEFINITIONS = (
					"DEBUG=1",
					"$(inherited)",
				);
				INFOPLIST_FILE = iOSTwitterSwiftTests/Info.plist;
				LD_RUNPATH_SEARCH_PATHS = "$(inherited) @executable_path/Frameworks @loader_path/Frameworks";
				PRODUCT_NAME = "$(TARGET_NAME)";
				TEST_HOST = "$(BUNDLE_LOADER)";
			};
			name = Debug;
		};
		3888811019844B1100FABCBF /* Release */ = {
			isa = XCBuildConfiguration;
			buildSettings = {
				BUNDLE_LOADER = "$(BUILT_PRODUCTS_DIR)/iOSTwitterSwift.app/iOSTwitterSwift";
				FRAMEWORK_SEARCH_PATHS = (
					"$(SDKROOT)/Developer/Library/Frameworks",
					"$(inherited)",
				);
				INFOPLIST_FILE = iOSTwitterSwiftTests/Info.plist;
				LD_RUNPATH_SEARCH_PATHS = "$(inherited) @executable_path/Frameworks @loader_path/Frameworks";
				PRODUCT_NAME = "$(TARGET_NAME)";
				TEST_HOST = "$(BUNDLE_LOADER)";
			};
			name = Release;
		};
/* End XCBuildConfiguration section */

/* Begin XCConfigurationList section */
		388880E719844B1100FABCBF /* Build configuration list for PBXProject "iOSTwitterSwift" */ = {
			isa = XCConfigurationList;
			buildConfigurations = (
				3888810919844B1100FABCBF /* Debug */,
				3888810A19844B1100FABCBF /* Release */,
			);
			defaultConfigurationIsVisible = 0;
			defaultConfigurationName = Release;
		};
		3888810B19844B1100FABCBF /* Build configuration list for PBXNativeTarget "iOSTwitterSwift" */ = {
			isa = XCConfigurationList;
			buildConfigurations = (
				3888810C19844B1100FABCBF /* Debug */,
				3888810D19844B1100FABCBF /* Release */,
			);
			defaultConfigurationIsVisible = 0;
			defaultConfigurationName = Release;
		};
		3888810E19844B1100FABCBF /* Build configuration list for PBXNativeTarget "iOSTwitterSwiftTests" */ = {
			isa = XCConfigurationList;
			buildConfigurations = (
				3888810F19844B1100FABCBF /* Debug */,
				3888811019844B1100FABCBF /* Release */,
			);
			defaultConfigurationIsVisible = 0;
			defaultConfigurationName = Release;
		};
/* End XCConfigurationList section */

/* Begin XCVersionGroup section */
		388880F319844B1100FABCBF /* iOSTwitterSwift.xcdatamodeld */ = {
			isa = XCVersionGroup;
			children = (
				388880F419844B1100FABCBF /* iOSTwitterSwift.xcdatamodel */,
			);
			currentVersion = 388880F419844B1100FABCBF /* iOSTwitterSwift.xcdatamodel */;
			path = iOSTwitterSwift.xcdatamodeld;
			sourceTree = "<group>";
			versionGroupType = wrapper.xcdatamodel;
		};
/* End XCVersionGroup section */
	};
	rootObject = 388880E419844B1100FABCBF /* Project object */;
}
